
Microsoft Visual Studio Solution File, Format Version 12.00
# Visual Studio 15
Project("{FAE04EC0-301F-11D3-BF4B-00C04F79EFBC}") = "com.Tivadar.Best.HTTP", "com.Tivadar.Best.HTTP.csproj", "{77CE09C2-BF66-AD01-B8BE-67EADE52CA37}"
EndProject
Project("{FAE04EC0-301F-11D3-BF4B-00C04F79EFBC}") = "Assembly-CSharp", "Assembly-CSharp.csproj", "{E885DBF4-A701-A697-42D5-2B48B03E4212}"
EndProject
Project("{FAE04EC0-301F-11D3-BF4B-00C04F79EFBC}") = "Assembly-CSharp-Editor", "Assembly-CSharp-Editor.csproj", "{4795BA57-0712-7F94-5781-F0C41F72BF9C}"
EndProject
Project("{FAE04EC0-301F-11D3-BF4B-00C04F79EFBC}") = "Assembly-CSharp-firstpass", "Assembly-CSharp-firstpass.csproj", "{BD92DDAA-1DD8-E332-C5BC-54E432AE3D74}"
EndProject
Project("{FAE04EC0-301F-11D3-BF4B-00C04F79EFBC}") = "com.Tivadar.Best.SocketIO", "com.Tivadar.Best.SocketIO.csproj", "{E42F8B68-133C-2E32-A3C1-70DE2F539386}"
EndProject
Project("{FAE04EC0-301F-11D3-BF4B-00C04F79EFBC}") = "com.Tivadar.Best.WebSockets", "com.Tivadar.Best.WebSockets.csproj", "{E206FFF7-ABE1-18EB-82BC-961687FBE3A5}"
EndProject
Project("{FAE04EC0-301F-11D3-BF4B-00C04F79EFBC}") = "com.Tivadar.Best.HTTP.Profiler.Editor", "com.Tivadar.Best.HTTP.Profiler.Editor.csproj", "{D9EEC289-CA96-BCB3-BEAA-DFC8A3C3ED8F}"
EndProject
Global
	GlobalSection(SolutionConfigurationPlatforms) = preSolution
		Debug|Any CPU = Debug|Any CPU
		Release|Any CPU = Release|Any CPU
	EndGlobalSection
	GlobalSection(ProjectConfigurationPlatforms) = postSolution
		{77CE09C2-BF66-AD01-B8BE-67EADE52CA37}.Debug|Any CPU.ActiveCfg = Debug|Any CPU
		{77CE09C2-BF66-AD01-B8BE-67EADE52CA37}.Debug|Any CPU.Build.0 = Debug|Any CPU
		{77CE09C2-BF66-AD01-B8BE-67EADE52CA37}.Release|Any CPU.ActiveCfg = Release|Any CPU
		{77CE09C2-BF66-AD01-B8BE-67EADE52CA37}.Release|Any CPU.Build.0 = Release|Any CPU
		{E885DBF4-A701-A697-42D5-2B48B03E4212}.Debug|Any CPU.ActiveCfg = Debug|Any CPU
		{E885DBF4-A701-A697-42D5-2B48B03E4212}.Debug|Any CPU.Build.0 = Debug|Any CPU
		{E885DBF4-A701-A697-42D5-2B48B03E4212}.Release|Any CPU.ActiveCfg = Release|Any CPU
		{E885DBF4-A701-A697-42D5-2B48B03E4212}.Release|Any CPU.Build.0 = Release|Any CPU
		{4795BA57-0712-7F94-5781-F0C41F72BF9C}.Debug|Any CPU.ActiveCfg = Debug|Any CPU
		{4795BA57-0712-7F94-5781-F0C41F72BF9C}.Debug|Any CPU.Build.0 = Debug|Any CPU
		{4795BA57-0712-7F94-5781-F0C41F72BF9C}.Release|Any CPU.ActiveCfg = Release|Any CPU
		{4795BA57-0712-7F94-5781-F0C41F72BF9C}.Release|Any CPU.Build.0 = Release|Any CPU
		{BD92DDAA-1DD8-E332-C5BC-54E432AE3D74}.Debug|Any CPU.ActiveCfg = Debug|Any CPU
		{BD92DDAA-1DD8-E332-C5BC-54E432AE3D74}.Debug|Any CPU.Build.0 = Debug|Any CPU
		{BD92DDAA-1DD8-E332-C5BC-54E432AE3D74}.Release|Any CPU.ActiveCfg = Release|Any CPU
		{BD92DDAA-1DD8-E332-C5BC-54E432AE3D74}.Release|Any CPU.Build.0 = Release|Any CPU
		{E42F8B68-133C-2E32-A3C1-70DE2F539386}.Debug|Any CPU.ActiveCfg = Debug|Any CPU
		{E42F8B68-133C-2E32-A3C1-70DE2F539386}.Debug|Any CPU.Build.0 = Debug|Any CPU
		{E42F8B68-133C-2E32-A3C1-70DE2F539386}.Release|Any CPU.ActiveCfg = Release|Any CPU
		{E42F8B68-133C-2E32-A3C1-70DE2F539386}.Release|Any CPU.Build.0 = Release|Any CPU
		{E206FFF7-ABE1-18EB-82BC-961687FBE3A5}.Debug|Any CPU.ActiveCfg = Debug|Any CPU
		{E206FFF7-ABE1-18EB-82BC-961687FBE3A5}.Debug|Any CPU.Build.0 = Debug|Any CPU
		{E206FFF7-ABE1-18EB-82BC-961687FBE3A5}.Release|Any CPU.ActiveCfg = Release|Any CPU
		{E206FFF7-ABE1-18EB-82BC-961687FBE3A5}.Release|Any CPU.Build.0 = Release|Any CPU
		{D9EEC289-CA96-BCB3-BEAA-DFC8A3C3ED8F}.Debug|Any CPU.ActiveCfg = Debug|Any CPU
		{D9EEC289-CA96-BCB3-BEAA-DFC8A3C3ED8F}.Debug|Any CPU.Build.0 = Debug|Any CPU
		{D9EEC289-CA96-BCB3-BEAA-DFC8A3C3ED8F}.Release|Any CPU.ActiveCfg = Release|Any CPU
		{D9EEC289-CA96-BCB3-BEAA-DFC8A3C3ED8F}.Release|Any CPU.Build.0 = Release|Any CPU
	EndGlobalSection
	GlobalSection(SolutionProperties) = preSolution
		HideSolutionNode = FALSE
	EndGlobalSection
EndGlobal
